
Microsoft Visual Studio Solution File, Format Version 12.00
# Visual Studio 15
VisualStudioVersion = 15.0.27703.2042
MinimumVisualStudioVersion = 10.0.40219.1
Project("{FAE04EC0-301F-11D3-BF4B-00C04F79EFBC}") = "SE-5-DataTypeLib", "SE-5-DataTypeLib.csproj", "{1957B85C-0D58-4844-AC61-85E5D6E53974}"
EndProject
Global
	GlobalSection(SolutionConfigurationPlatforms) = preSolution
		Debug|Any CPU = Debug|Any CPU
		Release|Any CPU = Release|Any CPU
	EndGlobalSection
	GlobalSection(ProjectConfigurationPlatforms) = postSolution
		{1957B85C-0D58-4844-AC61-85E5D6E53974}.Debug|Any CPU.ActiveCfg = Debug|Any CPU
		{1957B85C-0D58-4844-AC61-85E5D6E53974}.Debug|Any CPU.Build.0 = Debug|Any CPU
		{1957B85C-0D58-4844-AC61-85E5D6E53974}.Release|Any CPU.ActiveCfg = Release|Any CPU
		{1957B85C-0D58-4844-AC61-85E5D6E53974}.Release|Any CPU.Build.0 = Release|Any CPU
	EndGlobalSection
	GlobalSection(SolutionProperties) = preSolution
		HideSolutionNode = FALSE
	EndGlobalSection
	GlobalSection(ExtensibilityGlobals) = postSolution
		SolutionGuid = {52E92322-B5AB-4004-B620-83355BB19B29}
	EndGlobalSection
EndGlobal
